
Microsoft Visual Studio Solution File, Format Version 12.00
# Visual Studio Version 17
VisualStudioVersion = 17.5.001.0
MinimumVisualStudioVersion = 10.0.40219.1
Project("{9A19103F-16F7-4668-BE54-9A1E7A4F7556}") = "LeituraTeclado", "LeituraTeclado.csproj", "{6C45E47A-69D0-4927-A655-E6C8E7524B90}"
EndProject
Global
	GlobalSection(SolutionConfigurationPlatforms) = preSolution
		Debug|Any CPU = Debug|Any CPU
		Release|Any CPU = Release|Any CPU
	EndGlobalSection
	GlobalSection(ProjectConfigurationPlatforms) = postSolution
		{6C45E47A-69D0-4927-A655-E6C8E7524B90}.Debug|Any CPU.ActiveCfg = Debug|Any CPU
		{6C45E47A-69D0-4927-A655-E6C8E7524B90}.Debug|Any CPU.Build.0 = Debug|Any CPU
		{6C45E47A-69D0-4927-A655-E6C8E7524B90}.Release|Any CPU.ActiveCfg = Release|Any CPU
		{6C45E47A-69D0-4927-A655-E6C8E7524B90}.Release|Any CPU.Build.0 = Release|Any CPU
	EndGlobalSection
	GlobalSection(SolutionProperties) = preSolution
		HideSolutionNode = FALSE
	EndGlobalSection
	GlobalSection(ExtensibilityGlobals) = postSolution
		SolutionGuid = {AB7A835E-4FD4-4362-B735-D0CC10BAC026}
	EndGlobalSection
EndGlobal
